dependencies:
  espressif/esp-zboss-lib:
    component_hash: 98b68ccd1540e3d0d1884eb134951de66752bde85eb826a885021fa3a54517bf
    source:
      service_url: https://api.components.espressif.com/
      type: service
    version: 1.0.5
  espressif/esp-zigbee-lib:
    component_hash: 44ae761cec4adcfcc198db4785a9415703b66b78f0a0e96ebec5cbde2045cc6a
    source:
      service_url: https://api.components.espressif.com/
      type: service
    version: 1.0.5
  idf:
    component_hash: null
    source:
      type: idf
    version: 5.1.2
manifest_hash: bdae0e9065c831ad3f589dc0b3b7c1026841c9f08023f94867cee8a8f3bf184b
target: esp32c6
version: 1.0.0
