dependencies:
  espressif/esp-zboss-lib:
    component_hash: c7020f631cd4ad25e159ddb812bdc80906b5b424457abc81c9b8b0e92687837a
    source:
      service_url: https://api.components.espressif.com/
      type: service
    version: 1.3.2
  espressif/esp-zigbee-lib:
    component_hash: 752dbc8abb2befd2d49ee902051699fac5e32c6962950d64cd888d75d6566ca0
    source:
      service_url: https://api.components.espressif.com/
      type: service
    version: 1.3.2
  idf:
    component_hash: null
    source:
      type: idf
    version: 5.1.4
manifest_hash: f19e63212b554f898eb42d9f18eec4b03062b03a69db1f2b4cedd47fae355e7d
target: esp32c6
version: 1.0.0
